
Microsoft Visual Studio Solution File, Format Version 12.00
# Visual Studio Version 17
VisualStudioVersion = 17.1.32414.318
MinimumVisualStudioVersion = 10.0.40219.1
Project("{FAE04EC0-301F-11D3-BF4B-00C04F79EFBC}") = "OperatorsExercise", "OperatorsExercise.csproj", "{B0A200A5-67C2-4F49-9EA1-5A4E30AC3E91}"
EndProject
Global
	GlobalSection(SolutionConfigurationPlatforms) = preSolution
		Debug|Any CPU = Debug|Any CPU
		Release|Any CPU = Release|Any CPU
	EndGlobalSection
	GlobalSection(ProjectConfigurationPlatforms) = postSolution
		{B0A200A5-67C2-4F49-9EA1-5A4E30AC3E91}.Debug|Any CPU.ActiveCfg = Debug|Any CPU
		{B0A200A5-67C2-4F49-9EA1-5A4E30AC3E91}.Debug|Any CPU.Build.0 = Debug|Any CPU
		{B0A200A5-67C2-4F49-9EA1-5A4E30AC3E91}.Release|Any CPU.ActiveCfg = Release|Any CPU
		{B0A200A5-67C2-4F49-9EA1-5A4E30AC3E91}.Release|Any CPU.Build.0 = Release|Any CPU
	EndGlobalSection
	GlobalSection(SolutionProperties) = preSolution
		HideSolutionNode = FALSE
	EndGlobalSection
	GlobalSection(ExtensibilityGlobals) = postSolution
		SolutionGuid = {821ED45B-9EF8-4C4C-95FA-BE5C357925E6}
	EndGlobalSection
EndGlobal
